// !$*UTF8*$!
{
	archiveVersion = 1;
	classes = {
	};
	objectVersion = 55;
	objects = {

/* Begin PBXBuildFile section */
		2947BBB428ADEA9A00F3874E /* LoginScreen.swift in Sources */ = {isa = PBXBuildFile; fileRef = 2947BBB328ADEA9A00F3874E /* LoginScreen.swift */; };
		2947BBB628AE5D2E00F3874E /* RegisterScreen.swift in Sources */ = {isa = PBXBuildFile; fileRef = 2947BBB528AE5D2E00F3874E /* RegisterScreen.swift */; };
		2947BBB828AE5E2600F3874E /* RegisterScreenController.swift in Sources */ = {isa = PBXBuildFile; fileRef = 2947BBB728AE5E2600F3874E /* RegisterScreenController.swift */; };
		2947BBBA28AE8AE600F3874E /* CreatePostCollectionViewCell.swift in Sources */ = {isa = PBXBuildFile; fileRef = 2947BBB928AE8AE600F3874E /* CreatePostCollectionViewCell.swift */; };
		299BAC5D28A2896E0077C154 /* WordCell.swift in Sources */ = {isa = PBXBuildFile; fileRef = 299BAC5C28A2896E0077C154 /* WordCell.swift */; };
		299BAC6028A3D60C0077C154 /* API.swift in Sources */ = {isa = PBXBuildFile; fileRef = 299BAC5F28A3D60C0077C154 /* API.swift */; };
		29B4E21828A27E4800C0E19F /* AppDelegate.swift in Sources */ = {isa = PBXBuildFile; fileRef = 29B4E21728A27E4800C0E19F /* AppDelegate.swift */; };
		29B4E21A28A27E4800C0E19F /* SceneDelegate.swift in Sources */ = {isa = PBXBuildFile; fileRef = 29B4E21928A27E4800C0E19F /* SceneDelegate.swift */; };
		29B4E21C28A27E4800C0E19F /* ViewController.swift in Sources */ = {isa = PBXBuildFile; fileRef = 29B4E21B28A27E4800C0E19F /* ViewController.swift */; };
		29B4E21F28A27E4800C0E19F /* Main.storyboard in Resources */ = {isa = PBXBuildFile; fileRef = 29B4E21D28A27E4800C0E19F /* Main.storyboard */; };
		29B4E22128A27E4900C0E19F /* Assets.xcassets in Resources */ = {isa = PBXBuildFile; fileRef = 29B4E22028A27E4900C0E19F /* Assets.xcassets */; };
		29B4E22428A27E4900C0E19F /* LaunchScreen.storyboard in Resources */ = {isa = PBXBuildFile; fileRef = 29B4E22228A27E4900C0E19F /* LaunchScreen.storyboard */; };
		29B4E22F28A27E4900C0E19F /* CrowerTests.swift in Sources */ = {isa = PBXBuildFile; fileRef = 29B4E22E28A27E4900C0E19F /* CrowerTests.swift */; };
		29B4E23928A27E4900C0E19F /* CrowerUITests.swift in Sources */ = {isa = PBXBuildFile; fileRef = 29B4E23828A27E4900C0E19F /* CrowerUITests.swift */; };
		29B4E23B28A27E4900C0E19F /* CrowerUITestsLaunchTests.swift in Sources */ = {isa = PBXBuildFile; fileRef = 29B4E23A28A27E4900C0E19F /* CrowerUITestsLaunchTests.swift */; };
		29B4E24828A2833800C0E19F /* HomeController.swift in Sources */ = {isa = PBXBuildFile; fileRef = 29B4E24728A2833800C0E19F /* HomeController.swift */; };
		D91289CC28AD14B200E7919F /* CrowViewCell.swift in Sources */ = {isa = PBXBuildFile; fileRef = D91289CB28AD14B200E7919F /* CrowViewCell.swift */; };
		D96FBD2C28A2A4C80017F0D5 /* UserCellCollectionViewCell.swift in Sources */ = {isa = PBXBuildFile; fileRef = D96FBD2B28A2A4C80017F0D5 /* UserCellCollectionViewCell.swift */; };
		D9C5FF4B28A3FA3D0043AAE1 /* User.swift in Sources */ = {isa = PBXBuildFile; fileRef = D9C5FF4A28A3FA3D0043AAE1 /* User.swift */; };
		D9C5FF4D28A3FA930043AAE1 /* Post.swift in Sources */ = {isa = PBXBuildFile; fileRef = D9C5FF4C28A3FA930043AAE1 /* Post.swift */; };
		D9C5FF4F28A3FB030043AAE1 /* Session.swift in Sources */ = {isa = PBXBuildFile; fileRef = D9C5FF4E28A3FB030043AAE1 /* Session.swift */; };
/* End PBXBuildFile section */

/* Begin PBXContainerItemProxy section */
		29B4E22B28A27E4900C0E19F /* PBXContainerItemProxy */ = {
			isa = PBXContainerItemProxy;
			containerPortal = 29B4E20C28A27E4800C0E19F /* Project object */;
			proxyType = 1;
			remoteGlobalIDString = 29B4E21328A27E4800C0E19F;
			remoteInfo = Crower;
		};
		29B4E23528A27E4900C0E19F /* PBXContainerItemProxy */ = {
			isa = PBXContainerItemProxy;
			containerPortal = 29B4E20C28A27E4800C0E19F /* Project object */;
			proxyType = 1;
			remoteGlobalIDString = 29B4E21328A27E4800C0E19F;
			remoteInfo = Crower;
		};
/* End PBXContainerItemProxy section */

/* Begin PBXFileReference section */
		2947BBB328ADEA9A00F3874E /* LoginScreen.swift */ = {isa = PBXFileReference; lastKnownFileType = sourcecode.swift; path = LoginScreen.swift; sourceTree = "<group>"; };
		2947BBB528AE5D2E00F3874E /* RegisterScreen.swift */ = {isa = PBXFileReference; lastKnownFileType = sourcecode.swift; path = RegisterScreen.swift; sourceTree = "<group>"; };
		2947BBB728AE5E2600F3874E /* RegisterScreenController.swift */ = {isa = PBXFileReference; lastKnownFileType = sourcecode.swift; path = RegisterScreenController.swift; sourceTree = "<group>"; };
		2947BBB928AE8AE600F3874E /* CreatePostCollectionViewCell.swift */ = {isa = PBXFileReference; lastKnownFileType = sourcecode.swift; path = CreatePostCollectionViewCell.swift; sourceTree = "<group>"; };
		299BAC5C28A2896E0077C154 /* WordCell.swift */ = {isa = PBXFileReference; lastKnownFileType = sourcecode.swift; path = WordCell.swift; sourceTree = "<group>"; };
		299BAC5F28A3D60C0077C154 /* API.swift */ = {isa = PBXFileReference; lastKnownFileType = sourcecode.swift; path = API.swift; sourceTree = "<group>"; };
		29B4E21428A27E4800C0E19F /* Crower.app */ = {isa = PBXFileReference; explicitFileType = wrapper.application; includeInIndex = 0; path = Crower.app; sourceTree = BUILT_PRODUCTS_DIR; };
		29B4E21728A27E4800C0E19F /* AppDelegate.swift */ = {isa = PBXFileReference; lastKnownFileType = sourcecode.swift; path = AppDelegate.swift; sourceTree = "<group>"; };
		29B4E21928A27E4800C0E19F /* SceneDelegate.swift */ = {isa = PBXFileReference; lastKnownFileType = sourcecode.swift; path = SceneDelegate.swift; sourceTree = "<group>"; };
		29B4E21B28A27E4800C0E19F /* ViewController.swift */ = {isa = PBXFileReference; lastKnownFileType = sourcecode.swift; path = ViewController.swift; sourceTree = "<group>"; };
		29B4E21E28A27E4800C0E19F /* Base */ = {isa = PBXFileReference; lastKnownFileType = file.storyboard; name = Base; path = Base.lproj/Main.storyboard; sourceTree = "<group>"; };
		29B4E22028A27E4900C0E19F /* Assets.xcassets */ = {isa = PBXFileReference; lastKnownFileType = folder.assetcatalog; path = Assets.xcassets; sourceTree = "<group>"; };
		29B4E22328A27E4900C0E19F /* Base */ = {isa = PBXFileReference; lastKnownFileType = file.storyboard; name = Base; path = Base.lproj/LaunchScreen.storyboard; sourceTree = "<group>"; };
		29B4E22528A27E4900C0E19F /* Info.plist */ = {isa = PBXFileReference; lastKnownFileType = text.plist.xml; path = Info.plist; sourceTree = "<group>"; };
		29B4E22A28A27E4900C0E19F /* CrowerTests.xctest */ = {isa = PBXFileReference; explicitFileType = wrapper.cfbundle; includeInIndex = 0; path = CrowerTests.xctest; sourceTree = BUILT_PRODUCTS_DIR; };
		29B4E22E28A27E4900C0E19F /* CrowerTests.swift */ = {isa = PBXFileReference; lastKnownFileType = sourcecode.swift; path = CrowerTests.swift; sourceTree = "<group>"; };
		29B4E23428A27E4900C0E19F /* CrowerUITests.xctest */ = {isa = PBXFileReference; explicitFileType = wrapper.cfbundle; includeInIndex = 0; path = CrowerUITests.xctest; sourceTree = BUILT_PRODUCTS_DIR; };
		29B4E23828A27E4900C0E19F /* CrowerUITests.swift */ = {isa = PBXFileReference; lastKnownFileType = sourcecode.swift; path = CrowerUITests.swift; sourceTree = "<group>"; };
		29B4E23A28A27E4900C0E19F /* CrowerUITestsLaunchTests.swift */ = {isa = PBXFileReference; lastKnownFileType = sourcecode.swift; path = CrowerUITestsLaunchTests.swift; sourceTree = "<group>"; };
		29B4E24728A2833800C0E19F /* HomeController.swift */ = {isa = PBXFileReference; lastKnownFileType = sourcecode.swift; path = HomeController.swift; sourceTree = "<group>"; };
		D91289CB28AD14B200E7919F /* CrowViewCell.swift */ = {isa = PBXFileReference; lastKnownFileType = sourcecode.swift; path = CrowViewCell.swift; sourceTree = "<group>"; };
		D96FBD2B28A2A4C80017F0D5 /* UserCellCollectionViewCell.swift */ = {isa = PBXFileReference; lastKnownFileType = sourcecode.swift; path = UserCellCollectionViewCell.swift; sourceTree = "<group>"; };
		D9C5FF4A28A3FA3D0043AAE1 /* User.swift */ = {isa = PBXFileReference; lastKnownFileType = sourcecode.swift; path = User.swift; sourceTree = "<group>"; };
		D9C5FF4C28A3FA930043AAE1 /* Post.swift */ = {isa = PBXFileReference; lastKnownFileType = sourcecode.swift; path = Post.swift; sourceTree = "<group>"; };
		D9C5FF4E28A3FB030043AAE1 /* Session.swift */ = {isa = PBXFileReference; lastKnownFileType = sourcecode.swift; path = Session.swift; sourceTree = "<group>"; };
/* End PBXFileReference section */

/* Begin PBXFrameworksBuildPhase section */
		29B4E21128A27E4800C0E19F /* Frameworks */ = {
			isa = PBXFrameworksBuildPhase;
			buildActionMask = 2147483647;
			files = (
			);
			runOnlyForDeploymentPostprocessing = 0;
		};
		29B4E22728A27E4900C0E19F /* Frameworks */ = {
			isa = PBXFrameworksBuildPhase;
			buildActionMask = 2147483647;
			files = (
			);
			runOnlyForDeploymentPostprocessing = 0;
		};
		29B4E23128A27E4900C0E19F /* Frameworks */ = {
			isa = PBXFrameworksBuildPhase;
			buildActionMask = 2147483647;
			files = (
			);
			runOnlyForDeploymentPostprocessing = 0;
		};
/* End PBXFrameworksBuildPhase section */

/* Begin PBXGroup section */
		2947BBB228ADEA7A00F3874E /* View */ = {
			isa = PBXGroup;
			children = (
				D91289CB28AD14B200E7919F /* CrowViewCell.swift */,
				2947BBB328ADEA9A00F3874E /* LoginScreen.swift */,
				D96FBD2B28A2A4C80017F0D5 /* UserCellCollectionViewCell.swift */,
				2947BBB528AE5D2E00F3874E /* RegisterScreen.swift */,
				2947BBB928AE8AE600F3874E /* CreatePostCollectionViewCell.swift */,
			);
			path = View;
			sourceTree = "<group>";
		};
		299BAC5E28A3D6010077C154 /* Service */ = {
			isa = PBXGroup;
			children = (
				299BAC5F28A3D60C0077C154 /* API.swift */,
			);
			path = Service;
			sourceTree = "<group>";
		};
		299BAC6128AD0A5A0077C154 /* Controllers */ = {
			isa = PBXGroup;
			children = (
				29B4E21B28A27E4800C0E19F /* ViewController.swift */,
				29B4E24728A2833800C0E19F /* HomeController.swift */,
				2947BBB728AE5E2600F3874E /* RegisterScreenController.swift */,
			);
			path = Controllers;
			sourceTree = "<group>";
		};
		29B4E20B28A27E4800C0E19F = {
			isa = PBXGroup;
			children = (
				29B4E21628A27E4800C0E19F /* Crower */,
				29B4E22D28A27E4900C0E19F /* CrowerTests */,
				29B4E23728A27E4900C0E19F /* CrowerUITests */,
				29B4E21528A27E4800C0E19F /* Products */,
			);
			sourceTree = "<group>";
		};
		29B4E21528A27E4800C0E19F /* Products */ = {
			isa = PBXGroup;
			children = (
				29B4E21428A27E4800C0E19F /* Crower.app */,
				29B4E22A28A27E4900C0E19F /* CrowerTests.xctest */,
				29B4E23428A27E4900C0E19F /* CrowerUITests.xctest */,
			);
			name = Products;
			sourceTree = "<group>";
		};
		29B4E21628A27E4800C0E19F /* Crower */ = {
			isa = PBXGroup;
			children = (
				2947BBB228ADEA7A00F3874E /* View */,
				D9C5FF4928A3FA2B0043AAE1 /* Model */,
				299BAC6128AD0A5A0077C154 /* Controllers */,
				299BAC5E28A3D6010077C154 /* Service */,
				29B4E21728A27E4800C0E19F /* AppDelegate.swift */,
				29B4E21928A27E4800C0E19F /* SceneDelegate.swift */,
				29B4E21D28A27E4800C0E19F /* Main.storyboard */,
				29B4E22028A27E4900C0E19F /* Assets.xcassets */,
				29B4E22228A27E4900C0E19F /* LaunchScreen.storyboard */,
				29B4E22528A27E4900C0E19F /* Info.plist */,
				299BAC5C28A2896E0077C154 /* WordCell.swift */,
			);
			path = Crower;
			sourceTree = "<group>";
		};
		29B4E22D28A27E4900C0E19F /* CrowerTests */ = {
			isa = PBXGroup;
			children = (
				29B4E22E28A27E4900C0E19F /* CrowerTests.swift */,
			);
			path = CrowerTests;
			sourceTree = "<group>";
		};
		29B4E23728A27E4900C0E19F /* CrowerUITests */ = {
			isa = PBXGroup;
			children = (
				29B4E23828A27E4900C0E19F /* CrowerUITests.swift */,
				29B4E23A28A27E4900C0E19F /* CrowerUITestsLaunchTests.swift */,
			);
			path = CrowerUITests;
			sourceTree = "<group>";
		};
		D9C5FF4928A3FA2B0043AAE1 /* Model */ = {
			isa = PBXGroup;
			children = (
				D9C5FF4A28A3FA3D0043AAE1 /* User.swift */,
				D9C5FF4C28A3FA930043AAE1 /* Post.swift */,
				D9C5FF4E28A3FB030043AAE1 /* Session.swift */,
			);
			path = Model;
			sourceTree = "<group>";
		};
/* End PBXGroup section */

/* Begin PBXNativeTarget section */
		29B4E21328A27E4800C0E19F /* Crower */ = {
			isa = PBXNativeTarget;
			buildConfigurationList = 29B4E23E28A27E4900C0E19F /* Build configuration list for PBXNativeTarget "Crower" */;
			buildPhases = (
				29B4E21028A27E4800C0E19F /* Sources */,
				29B4E21128A27E4800C0E19F /* Frameworks */,
				29B4E21228A27E4800C0E19F /* Resources */,
			);
			buildRules = (
			);
			dependencies = (
			);
			name = Crower;
			productName = Crower;
			productReference = 29B4E21428A27E4800C0E19F /* Crower.app */;
			productType = "com.apple.product-type.application";
		};
		29B4E22928A27E4900C0E19F /* CrowerTests */ = {
			isa = PBXNativeTarget;
			buildConfigurationList = 29B4E24128A27E4900C0E19F /* Build configuration list for PBXNativeTarget "CrowerTests" */;
			buildPhases = (
				29B4E22628A27E4900C0E19F /* Sources */,
				29B4E22728A27E4900C0E19F /* Frameworks */,
				29B4E22828A27E4900C0E19F /* Resources */,
			);
			buildRules = (
			);
			dependencies = (
				29B4E22C28A27E4900C0E19F /* PBXTargetDependency */,
			);
			name = CrowerTests;
			productName = CrowerTests;
			productReference = 29B4E22A28A27E4900C0E19F /* CrowerTests.xctest */;
			productType = "com.apple.product-type.bundle.unit-test";
		};
		29B4E23328A27E4900C0E19F /* CrowerUITests */ = {
			isa = PBXNativeTarget;
			buildConfigurationList = 29B4E24428A27E4900C0E19F /* Build configuration list for PBXNativeTarget "CrowerUITests" */;
			buildPhases = (
				29B4E23028A27E4900C0E19F /* Sources */,
				29B4E23128A27E4900C0E19F /* Frameworks */,
				29B4E23228A27E4900C0E19F /* Resources */,
			);
			buildRules = (
			);
			dependencies = (
				29B4E23628A27E4900C0E19F /* PBXTargetDependency */,
			);
			name = CrowerUITests;
			productName = CrowerUITests;
			productReference = 29B4E23428A27E4900C0E19F /* CrowerUITests.xctest */;
			productType = "com.apple.product-type.bundle.ui-testing";
		};
/* End PBXNativeTarget section */

/* Begin PBXProject section */
		29B4E20C28A27E4800C0E19F /* Project object */ = {
			isa = PBXProject;
			attributes = {
				BuildIndependentTargetsInParallel = 1;
				LastSwiftUpdateCheck = 1340;
				LastUpgradeCheck = 1340;
				TargetAttributes = {
					29B4E21328A27E4800C0E19F = {
						CreatedOnToolsVersion = 13.4.1;
					};
					29B4E22928A27E4900C0E19F = {
						CreatedOnToolsVersion = 13.4.1;
						TestTargetID = 29B4E21328A27E4800C0E19F;
					};
					29B4E23328A27E4900C0E19F = {
						CreatedOnToolsVersion = 13.4.1;
						TestTargetID = 29B4E21328A27E4800C0E19F;
					};
				};
			};
			buildConfigurationList = 29B4E20F28A27E4800C0E19F /* Build configuration list for PBXProject "Crower" */;
			compatibilityVersion = "Xcode 13.0";
			developmentRegion = en;
			hasScannedForEncodings = 0;
			knownRegions = (
				en,
				Base,
			);
			mainGroup = 29B4E20B28A27E4800C0E19F;
			productRefGroup = 29B4E21528A27E4800C0E19F /* Products */;
			projectDirPath = "";
			projectRoot = "";
			targets = (
				29B4E21328A27E4800C0E19F /* Crower */,
				29B4E22928A27E4900C0E19F /* CrowerTests */,
				29B4E23328A27E4900C0E19F /* CrowerUITests */,
			);
		};
/* End PBXProject section */

/* Begin PBXResourcesBuildPhase section */
		29B4E21228A27E4800C0E19F /* Resources */ = {
			isa = PBXResourcesBuildPhase;
			buildActionMask = 2147483647;
			files = (
				29B4E22428A27E4900C0E19F /* LaunchScreen.storyboard in Resources */,
				29B4E22128A27E4900C0E19F /* Assets.xcassets in Resources */,
				29B4E21F28A27E4800C0E19F /* Main.storyboard in Resources */,
			);
			runOnlyForDeploymentPostprocessing = 0;
		};
		29B4E22828A27E4900C0E19F /* Resources */ = {
			isa = PBXResourcesBuildPhase;
			buildActionMask = 2147483647;
			files = (
			);
			runOnlyForDeploymentPostprocessing = 0;
		};
		29B4E23228A27E4900C0E19F /* Resources */ = {
			isa = PBXResourcesBuildPhase;
			buildActionMask = 2147483647;
			files = (
			);
			runOnlyForDeploymentPostprocessing = 0;
		};
/* End PBXResourcesBuildPhase section */

/* Begin PBXSourcesBuildPhase section */
		29B4E21028A27E4800C0E19F /* Sources */ = {
			isa = PBXSourcesBuildPhase;
			buildActionMask = 2147483647;
			files = (
				2947BBB828AE5E2600F3874E /* RegisterScreenController.swift in Sources */,
				D9C5FF4F28A3FB030043AAE1 /* Session.swift in Sources */,
				299BAC5D28A2896E0077C154 /* WordCell.swift in Sources */,
				29B4E24828A2833800C0E19F /* HomeController.swift in Sources */,
				2947BBBA28AE8AE600F3874E /* CreatePostCollectionViewCell.swift in Sources */,
				D91289CC28AD14B200E7919F /* CrowViewCell.swift in Sources */,
				D96FBD2C28A2A4C80017F0D5 /* UserCellCollectionViewCell.swift in Sources */,
				2947BBB428ADEA9A00F3874E /* LoginScreen.swift in Sources */,
				29B4E21C28A27E4800C0E19F /* ViewController.swift in Sources */,
				D9C5FF4B28A3FA3D0043AAE1 /* User.swift in Sources */,
				2947BBB628AE5D2E00F3874E /* RegisterScreen.swift in Sources */,
				29B4E21828A27E4800C0E19F /* AppDelegate.swift in Sources */,
				D9C5FF4D28A3FA930043AAE1 /* Post.swift in Sources */,
				29B4E21A28A27E4800C0E19F /* SceneDelegate.swift in Sources */,
				299BAC6028A3D60C0077C154 /* API.swift in Sources */,
			);
			runOnlyForDeploymentPostprocessing = 0;
		};
		29B4E22628A27E4900C0E19F /* Sources */ = {
			isa = PBXSourcesBuildPhase;
			buildActionMask = 2147483647;
			files = (
				29B4E22F28A27E4900C0E19F /* CrowerTests.swift in Sources */,
			);
			runOnlyForDeploymentPostprocessing = 0;
		};
		29B4E23028A27E4900C0E19F /* Sources */ = {
			isa = PBXSourcesBuildPhase;
			buildActionMask = 2147483647;
			files = (
				29B4E23B28A27E4900C0E19F /* CrowerUITestsLaunchTests.swift in Sources */,
				29B4E23928A27E4900C0E19F /* CrowerUITests.swift in Sources */,
			);
			runOnlyForDeploymentPostprocessing = 0;
		};
/* End PBXSourcesBuildPhase section */

/* Begin PBXTargetDependency section */
		29B4E22C28A27E4900C0E19F /* PBXTargetDependency */ = {
			isa = PBXTargetDependency;
			target = 29B4E21328A27E4800C0E19F /* Crower */;
			targetProxy = 29B4E22B28A27E4900C0E19F /* PBXContainerItemProxy */;
		};
		29B4E23628A27E4900C0E19F /* PBXTargetDependency */ = {
			isa = PBXTargetDependency;
			target = 29B4E21328A27E4800C0E19F /* Crower */;
			targetProxy = 29B4E23528A27E4900C0E19F /* PBXContainerItemProxy */;
		};
/* End PBXTargetDependency section */

/* Begin PBXVariantGroup section */
		29B4E21D28A27E4800C0E19F /* Main.storyboard */ = {
			isa = PBXVariantGroup;
			children = (
				29B4E21E28A27E4800C0E19F /* Base */,
			);
			name = Main.storyboard;
			sourceTree = "<group>";
		};
		29B4E22228A27E4900C0E19F /* LaunchScreen.storyboard */ = {
			isa = PBXVariantGroup;
			children = (
				29B4E22328A27E4900C0E19F /* Base */,
			);
			name = LaunchScreen.storyboard;
			sourceTree = "<group>";
		};
/* End PBXVariantGroup section */

/* Begin XCBuildConfiguration section */
		29B4E23C28A27E4900C0E19F /* Debug */ = {
			isa = XCBuildConfiguration;
			buildSettings = {
				ALWAYS_SEARCH_USER_PATHS = NO;
				CLANG_ANALYZER_NONNULL = YES;
				CLANG_ANALYZER_NUMBER_OBJECT_CONVERSION = YES_AGGRESSIVE;
				CLANG_CXX_LANGUAGE_STANDARD = "gnu++17";
				CLANG_ENABLE_MODULES = YES;
				CLANG_ENABLE_OBJC_ARC = YES;
				CLANG_ENABLE_OBJC_WEAK = YES;
				CLANG_WARN_BLOCK_CAPTURE_AUTORELEASING = YES;
				CLANG_WARN_BOOL_CONVERSION = YES;
				CLANG_WARN_COMMA = YES;
				CLANG_WARN_CONSTANT_CONVERSION = YES;
				CLANG_WARN_DEPRECATED_OBJC_IMPLEMENTATIONS = YES;
				CLANG_WARN_DIRECT_OBJC_ISA_USAGE = YES_ERROR;
				CLANG_WARN_DOCUMENTATION_COMMENTS = YES;
				CLANG_WARN_EMPTY_BODY = YES;
				CLANG_WARN_ENUM_CONVERSION = YES;
				CLANG_WARN_INFINITE_RECURSION = YES;
				CLANG_WARN_INT_CONVERSION = YES;
				CLANG_WARN_NON_LITERAL_NULL_CONVERSION = YES;
				CLANG_WARN_OBJC_IMPLICIT_RETAIN_SELF = YES;
				CLANG_WARN_OBJC_LITERAL_CONVERSION = YES;
				CLANG_WARN_OBJC_ROOT_CLASS = YES_ERROR;
				CLANG_WARN_QUOTED_INCLUDE_IN_FRAMEWORK_HEADER = YES;
				CLANG_WARN_RANGE_LOOP_ANALYSIS = YES;
				CLANG_WARN_STRICT_PROTOTYPES = YES;
				CLANG_WARN_SUSPICIOUS_MOVE = YES;
				CLANG_WARN_UNGUARDED_AVAILABILITY = YES_AGGRESSIVE;
				CLANG_WARN_UNREACHABLE_CODE = YES;
				CLANG_WARN__DUPLICATE_METHOD_MATCH = YES;
				COPY_PHASE_STRIP = NO;
				DEBUG_INFORMATION_FORMAT = dwarf;
				ENABLE_STRICT_OBJC_MSGSEND = YES;
				ENABLE_TESTABILITY = YES;
				GCC_C_LANGUAGE_STANDARD = gnu11;
				GCC_DYNAMIC_NO_PIC = NO;
				GCC_NO_COMMON_BLOCKS = YES;
				GCC_OPTIMIZATION_LEVEL = 0;
				GCC_PREPROCESSOR_DEFINITIONS = (
					"DEBUG=1",
					"$(inherited)",
				);
				GCC_WARN_64_TO_32_BIT_CONVERSION = YES;
				GCC_WARN_ABOUT_RETURN_TYPE = YES_ERROR;
				GCC_WARN_UNDECLARED_SELECTOR = YES;
				GCC_WARN_UNINITIALIZED_AUTOS = YES_AGGRESSIVE;
				GCC_WARN_UNUSED_FUNCTION = YES;
				GCC_WARN_UNUSED_VARIABLE = YES;
				IPHONEOS_DEPLOYMENT_TARGET = 15.5;
				MTL_ENABLE_DEBUG_INFO = INCLUDE_SOURCE;
				MTL_FAST_MATH = YES;
				ONLY_ACTIVE_ARCH = YES;
				SDKROOT = iphoneos;
				SWIFT_ACTIVE_COMPILATION_CONDITIONS = DEBUG;
				SWIFT_OPTIMIZATION_LEVEL = "-Onone";
			};
			name = Debug;
		};
		29B4E23D28A27E4900C0E19F /* Release */ = {
			isa = XCBuildConfiguration;
			buildSettings = {
				ALWAYS_SEARCH_USER_PATHS = NO;
				CLANG_ANALYZER_NONNULL = YES;
				CLANG_ANALYZER_NUMBER_OBJECT_CONVERSION = YES_AGGRESSIVE;
				CLANG_CXX_LANGUAGE_STANDARD = "gnu++17";
				CLANG_ENABLE_MODULES = YES;
				CLANG_ENABLE_OBJC_ARC = YES;
				CLANG_ENABLE_OBJC_WEAK = YES;
				CLANG_WARN_BLOCK_CAPTURE_AUTORELEASING = YES;
				CLANG_WARN_BOOL_CONVERSION = YES;
				CLANG_WARN_COMMA = YES;
				CLANG_WARN_CONSTANT_CONVERSION = YES;
				CLANG_WARN_DEPRECATED_OBJC_IMPLEMENTATIONS = YES;
				CLANG_WARN_DIRECT_OBJC_ISA_USAGE = YES_ERROR;
				CLANG_WARN_DOCUMENTATION_COMMENTS = YES;
				CLANG_WARN_EMPTY_BODY = YES;
				CLANG_WARN_ENUM_CONVERSION = YES;
				CLANG_WARN_INFINITE_RECURSION = YES;
				CLANG_WARN_INT_CONVERSION = YES;
				CLANG_WARN_NON_LITERAL_NULL_CONVERSION = YES;
				CLANG_WARN_OBJC_IMPLICIT_RETAIN_SELF = YES;
				CLANG_WARN_OBJC_LITERAL_CONVERSION = YES;
				CLANG_WARN_OBJC_ROOT_CLASS = YES_ERROR;
				CLANG_WARN_QUOTED_INCLUDE_IN_FRAMEWORK_HEADER = YES;
				CLANG_WARN_RANGE_LOOP_ANALYSIS = YES;
				CLANG_WARN_STRICT_PROTOTYPES = YES;
				CLANG_WARN_SUSPICIOUS_MOVE = YES;
				CLANG_WARN_UNGUARDED_AVAILABILITY = YES_AGGRESSIVE;
				CLANG_WARN_UNREACHABLE_CODE = YES;
				CLANG_WARN__DUPLICATE_METHOD_MATCH = YES;
				COPY_PHASE_STRIP = NO;
				DEBUG_INFORMATION_FORMAT = "dwarf-with-dsym";
				ENABLE_NS_ASSERTIONS = NO;
				ENABLE_STRICT_OBJC_MSGSEND = YES;
				GCC_C_LANGUAGE_STANDARD = gnu11;
				GCC_NO_COMMON_BLOCKS = YES;
				GCC_WARN_64_TO_32_BIT_CONVERSION = YES;
				GCC_WARN_ABOUT_RETURN_TYPE = YES_ERROR;
				GCC_WARN_UNDECLARED_SELECTOR = YES;
				GCC_WARN_UNINITIALIZED_AUTOS = YES_AGGRESSIVE;
				GCC_WARN_UNUSED_FUNCTION = YES;
				GCC_WARN_UNUSED_VARIABLE = YES;
				IPHONEOS_DEPLOYMENT_TARGET = 15.5;
				MTL_ENABLE_DEBUG_INFO = NO;
				MTL_FAST_MATH = YES;
				SDKROOT = iphoneos;
				SWIFT_COMPILATION_MODE = wholemodule;
				SWIFT_OPTIMIZATION_LEVEL = "-O";
				VALIDATE_PRODUCT = YES;
			};
			name = Release;
		};
		29B4E23F28A27E4900C0E19F /* Debug */ = {
			isa = XCBuildConfiguration;
			buildSettings = {
				ASSETCATALOG_COMPILER_APPICON_NAME = AppIcon;
				ASSETCATALOG_COMPILER_GLOBAL_ACCENT_COLOR_NAME = AccentColor;
				CODE_SIGN_STYLE = Automatic;
				CURRENT_PROJECT_VERSION = 1;
				DEVELOPMENT_TEAM = "";
				GENERATE_INFOPLIST_FILE = YES;
				INFOPLIST_FILE = Crower/Info.plist;
				INFOPLIST_KEY_UIApplicationSupportsIndirectInputEvents = YES;
				INFOPLIST_KEY_UILaunchStoryboardName = LaunchScreen;
				INFOPLIST_KEY_UISupportedInterfaceOrientations_iPad = "UIInterfaceOrientationPortrait UIInterfaceOrientationPortraitUpsideDown UIInterfaceOrientationLandscapeLeft UIInterfaceOrientationLandscapeRight";
				INFOPLIST_KEY_UISupportedInterfaceOrientations_iPhone = "UIInterfaceOrientationPortrait UIInterfaceOrientationLandscapeLeft UIInterfaceOrientationLandscapeRight";
				IPHONEOS_DEPLOYMENT_TARGET = 15.2;
				LD_RUNPATH_SEARCH_PATHS = (
					"$(inherited)",
					"@executable_path/Frameworks",
				);
				MARKETING_VERSION = 1.0;
				PRODUCT_BUNDLE_IDENTIFIER = appledeveloperacademy.Crowe;
				PRODUCT_NAME = "$(TARGET_NAME)";
				SWIFT_EMIT_LOC_STRINGS = YES;
				SWIFT_VERSION = 5.0;
				TARGETED_DEVICE_FAMILY = "1,2";
			};
			name = Debug;
		};
		29B4E24028A27E4900C0E19F /* Release */ = {
			isa = XCBuildConfiguration;
			buildSettings = {
				ASSETCATALOG_COMPILER_APPICON_NAME = AppIcon;
				ASSETCATALOG_COMPILER_GLOBAL_ACCENT_COLOR_NAME = AccentColor;
				CODE_SIGN_STYLE = Automatic;
				CURRENT_PROJECT_VERSION = 1;
				DEVELOPMENT_TEAM = "";
				GENERATE_INFOPLIST_FILE = YES;
				INFOPLIST_FILE = Crower/Info.plist;
				INFOPLIST_KEY_UIApplicationSupportsIndirectInputEvents = YES;
				INFOPLIST_KEY_UILaunchStoryboardName = LaunchScreen;
				INFOPLIST_KEY_UISupportedInterfaceOrientations_iPad = "UIInterfaceOrientationPortrait UIInterfaceOrientationPortraitUpsideDown UIInterfaceOrientationLandscapeLeft UIInterfaceOrientationLandscapeRight";
				INFOPLIST_KEY_UISupportedInterfaceOrientations_iPhone = "UIInterfaceOrientationPortrait UIInterfaceOrientationLandscapeLeft UIInterfaceOrientationLandscapeRight";
				IPHONEOS_DEPLOYMENT_TARGET = 15.2;
				LD_RUNPATH_SEARCH_PATHS = (
					"$(inherited)",
					"@executable_path/Frameworks",
				);
				MARKETING_VERSION = 1.0;
				PRODUCT_BUNDLE_IDENTIFIER = appledeveloperacademy.Crowe;
				PRODUCT_NAME = "$(TARGET_NAME)";
				SWIFT_EMIT_LOC_STRINGS = YES;
				SWIFT_VERSION = 5.0;
				TARGETED_DEVICE_FAMILY = "1,2";
			};
			name = Release;
		};
		29B4E24228A27E4900C0E19F /* Debug */ = {
			isa = XCBuildConfiguration;
			buildSettings = {
				ALWAYS_EMBED_SWIFT_STANDARD_LIBRARIES = YES;
				BUNDLE_LOADER = "$(TEST_HOST)";
				CODE_SIGN_STYLE = Automatic;
				CURRENT_PROJECT_VERSION = 1;
				GENERATE_INFOPLIST_FILE = YES;
				IPHONEOS_DEPLOYMENT_TARGET = 15.5;
				MARKETING_VERSION = 1.0;
				PRODUCT_BUNDLE_IDENTIFIER = appledeveloperacademy.CrowerTests;
				PRODUCT_NAME = "$(TARGET_NAME)";
				SWIFT_EMIT_LOC_STRINGS = NO;
				SWIFT_VERSION = 5.0;
				TARGETED_DEVICE_FAMILY = "1,2";
				TEST_HOST = "$(BUILT_PRODUCTS_DIR)/Crower.app/Crower";
			};
			name = Debug;
		};
		29B4E24328A27E4900C0E19F /* Release */ = {
			isa = XCBuildConfiguration;
			buildSettings = {
				ALWAYS_EMBED_SWIFT_STANDARD_LIBRARIES = YES;
				BUNDLE_LOADER = "$(TEST_HOST)";
				CODE_SIGN_STYLE = Automatic;
				CURRENT_PROJECT_VERSION = 1;
				GENERATE_INFOPLIST_FILE = YES;
				IPHONEOS_DEPLOYMENT_TARGET = 15.5;
				MARKETING_VERSION = 1.0;
				PRODUCT_BUNDLE_IDENTIFIER = appledeveloperacademy.CrowerTests;
				PRODUCT_NAME = "$(TARGET_NAME)";
				SWIFT_EMIT_LOC_STRINGS = NO;
				SWIFT_VERSION = 5.0;
				TARGETED_DEVICE_FAMILY = "1,2";
				TEST_HOST = "$(BUILT_PRODUCTS_DIR)/Crower.app/Crower";
			};
			name = Release;
		};
		29B4E24528A27E4900C0E19F /* Debug */ = {
			isa = XCBuildConfiguration;
			buildSettings = {
				ALWAYS_EMBED_SWIFT_STANDARD_LIBRARIES = YES;
				CODE_SIGN_STYLE = Automatic;
				CURRENT_PROJECT_VERSION = 1;
				GENERATE_INFOPLIST_FILE = YES;
				MARKETING_VERSION = 1.0;
				PRODUCT_BUNDLE_IDENTIFIER = appledeveloperacademy.CrowerUITests;
				PRODUCT_NAME = "$(TARGET_NAME)";
				SWIFT_EMIT_LOC_STRINGS = NO;
				SWIFT_VERSION = 5.0;
				TARGETED_DEVICE_FAMILY = "1,2";
				TEST_TARGET_NAME = Crower;
			};
			name = Debug;
		};
		29B4E24628A27E4900C0E19F /* Release */ = {
			isa = XCBuildConfiguration;
			buildSettings = {
				ALWAYS_EMBED_SWIFT_STANDARD_LIBRARIES = YES;
				CODE_SIGN_STYLE = Automatic;
				CURRENT_PROJECT_VERSION = 1;
				GENERATE_INFOPLIST_FILE = YES;
				MARKETING_VERSION = 1.0;
				PRODUCT_BUNDLE_IDENTIFIER = appledeveloperacademy.CrowerUITests;
				PRODUCT_NAME = "$(TARGET_NAME)";
				SWIFT_EMIT_LOC_STRINGS = NO;
				SWIFT_VERSION = 5.0;
				TARGETED_DEVICE_FAMILY = "1,2";
				TEST_TARGET_NAME = Crower;
			};
			name = Release;
		};
/* End XCBuildConfiguration section */

/* Begin XCConfigurationList section */
		29B4E20F28A27E4800C0E19F /* Build configuration list for PBXProject "Crower" */ = {
			isa = XCConfigurationList;
			buildConfigurations = (
				29B4E23C28A27E4900C0E19F /* Debug */,
				29B4E23D28A27E4900C0E19F /* Release */,
			);
			defaultConfigurationIsVisible = 0;
			defaultConfigurationName = Release;
		};
		29B4E23E28A27E4900C0E19F /* Build configuration list for PBXNativeTarget "Crower" */ = {
			isa = XCConfigurationList;
			buildConfigurations = (
				29B4E23F28A27E4900C0E19F /* Debug */,
				29B4E24028A27E4900C0E19F /* Release */,
			);
			defaultConfigurationIsVisible = 0;
			defaultConfigurationName = Release;
		};
		29B4E24128A27E4900C0E19F /* Build configuration list for PBXNativeTarget "CrowerTests" */ = {
			isa = XCConfigurationList;
			buildConfigurations = (
				29B4E24228A27E4900C0E19F /* Debug */,
				29B4E24328A27E4900C0E19F /* Release */,
			);
			defaultConfigurationIsVisible = 0;
			defaultConfigurationName = Release;
		};
		29B4E24428A27E4900C0E19F /* Build configuration list for PBXNativeTarget "CrowerUITests" */ = {
			isa = XCConfigurationList;
			buildConfigurations = (
				29B4E24528A27E4900C0E19F /* Debug */,
				29B4E24628A27E4900C0E19F /* Release */,
			);
			defaultConfigurationIsVisible = 0;
			defaultConfigurationName = Release;
		};
/* End XCConfigurationList section */
	};
	rootObject = 29B4E20C28A27E4800C0E19F /* Project object */;
}
